
Microsoft Visual Studio Solution File, Format Version 12.00
# Visual Studio 2012
Project("{FAE04EC0-301F-11D3-BF4B-00C04F79EFBC}") = "HBS.Data", "HBS.Data\HBS.Data.csproj", "{E94C3E8A-615F-4DEB-9EBA-6269E48BFA69}"
EndProject
Project("{FAE04EC0-301F-11D3-BF4B-00C04F79EFBC}") = "HBS.Entities", "HBS.Entities\HBS.Entities.csproj", "{2A305813-B643-4A04-A045-E6C87EBFFAAF}"
EndProject
Project("{FAE04EC0-301F-11D3-BF4B-00C04F79EFBC}") = "HBS.TimeTracking", "HBS.TimeTracking\HBS.TimeTracking.csproj", "{DF15EE99-40AD-4769-B255-0BF592565C12}"
EndProject
Project("{00D1A9C2-B5F0-4AF3-8072-F6C62B433612}") = "HBS.DatabaseSchema", "HBS.Database\HBS.DatabaseSchema.sqlproj", "{19DBBF05-2390-4FD9-86C3-52873F58043F}"
EndProject
Project("{FAE04EC0-301F-11D3-BF4B-00C04F79EFBC}") = "HBS.Service", "HBS.Service\HBS.Service.csproj", "{15B3E0D2-6217-493A-A690-158C497F5318}"
EndProject
Project("{FAE04EC0-301F-11D3-BF4B-00C04F79EFBC}") = "HBS.WebApi", "HBS.WebApi\HBS.WebApi.csproj", "{F245CDEE-C315-4DC4-8E32-87D2F3BE66A9}"
EndProject
Global
	GlobalSection(SolutionConfigurationPlatforms) = preSolution
		Debug|Any CPU = Debug|Any CPU
		Release|Any CPU = Release|Any CPU
	EndGlobalSection
	GlobalSection(ProjectConfigurationPlatforms) = postSolution
		{E94C3E8A-615F-4DEB-9EBA-6269E48BFA69}.Debug|Any CPU.ActiveCfg = Debug|Any CPU
		{E94C3E8A-615F-4DEB-9EBA-6269E48BFA69}.Debug|Any CPU.Build.0 = Debug|Any CPU
		{E94C3E8A-615F-4DEB-9EBA-6269E48BFA69}.Release|Any CPU.ActiveCfg = Release|Any CPU
		{E94C3E8A-615F-4DEB-9EBA-6269E48BFA69}.Release|Any CPU.Build.0 = Release|Any CPU
		{2A305813-B643-4A04-A045-E6C87EBFFAAF}.Debug|Any CPU.ActiveCfg = Debug|Any CPU
		{2A305813-B643-4A04-A045-E6C87EBFFAAF}.Debug|Any CPU.Build.0 = Debug|Any CPU
		{2A305813-B643-4A04-A045-E6C87EBFFAAF}.Release|Any CPU.ActiveCfg = Release|Any CPU
		{2A305813-B643-4A04-A045-E6C87EBFFAAF}.Release|Any CPU.Build.0 = Release|Any CPU
		{DF15EE99-40AD-4769-B255-0BF592565C12}.Debug|Any CPU.ActiveCfg = Debug|Any CPU
		{DF15EE99-40AD-4769-B255-0BF592565C12}.Debug|Any CPU.Build.0 = Debug|Any CPU
		{DF15EE99-40AD-4769-B255-0BF592565C12}.Release|Any CPU.ActiveCfg = Release|Any CPU
		{DF15EE99-40AD-4769-B255-0BF592565C12}.Release|Any CPU.Build.0 = Release|Any CPU
		{19DBBF05-2390-4FD9-86C3-52873F58043F}.Debug|Any CPU.ActiveCfg = Debug|Any CPU
		{19DBBF05-2390-4FD9-86C3-52873F58043F}.Release|Any CPU.ActiveCfg = Release|Any CPU
		{19DBBF05-2390-4FD9-86C3-52873F58043F}.Release|Any CPU.Build.0 = Release|Any CPU
		{19DBBF05-2390-4FD9-86C3-52873F58043F}.Release|Any CPU.Deploy.0 = Release|Any CPU
		{15B3E0D2-6217-493A-A690-158C497F5318}.Debug|Any CPU.ActiveCfg = Debug|Any CPU
		{15B3E0D2-6217-493A-A690-158C497F5318}.Debug|Any CPU.Build.0 = Debug|Any CPU
		{15B3E0D2-6217-493A-A690-158C497F5318}.Release|Any CPU.ActiveCfg = Release|Any CPU
		{15B3E0D2-6217-493A-A690-158C497F5318}.Release|Any CPU.Build.0 = Release|Any CPU
		{F245CDEE-C315-4DC4-8E32-87D2F3BE66A9}.Debug|Any CPU.ActiveCfg = Debug|Any CPU
		{F245CDEE-C315-4DC4-8E32-87D2F3BE66A9}.Debug|Any CPU.Build.0 = Debug|Any CPU
		{F245CDEE-C315-4DC4-8E32-87D2F3BE66A9}.Release|Any CPU.ActiveCfg = Release|Any CPU
		{F245CDEE-C315-4DC4-8E32-87D2F3BE66A9}.Release|Any CPU.Build.0 = Release|Any CPU
	EndGlobalSection
	GlobalSection(SolutionProperties) = preSolution
		HideSolutionNode = FALSE
	EndGlobalSection
EndGlobal
